
Microsoft Visual Studio Solution File, Format Version 12.00
# Visual Studio Version 17
VisualStudioVersion = 17.7.34221.43
MinimumVisualStudioVersion = 10.0.40219.1
Project("{FAE04EC0-301F-11D3-BF4B-00C04F79EFBC}") = "SportsPro", "SportsPro\SportsPro.csproj", "{84563591-4781-4FA4-945F-CB03DB032D95}"
EndProject
Global
	GlobalSection(SolutionConfigurationPlatforms) = preSolution
		Debug|Any CPU = Debug|Any CPU
		Release|Any CPU = Release|Any CPU
	EndGlobalSection
	GlobalSection(ProjectConfigurationPlatforms) = postSolution
		{84563591-4781-4FA4-945F-CB03DB032D95}.Debug|Any CPU.ActiveCfg = Debug|Any CPU
		{84563591-4781-4FA4-945F-CB03DB032D95}.Debug|Any CPU.Build.0 = Debug|Any CPU
		{84563591-4781-4FA4-945F-CB03DB032D95}.Release|Any CPU.ActiveCfg = Release|Any CPU
		{84563591-4781-4FA4-945F-CB03DB032D95}.Release|Any CPU.Build.0 = Release|Any CPU
	EndGlobalSection
	GlobalSection(SolutionProperties) = preSolution
		HideSolutionNode = FALSE
	EndGlobalSection
	GlobalSection(ExtensibilityGlobals) = postSolution
		SolutionGuid = {06B3BAA0-34EB-44F0-AAD6-509D6E22790E}
	EndGlobalSection
EndGlobal
